
Microsoft Visual Studio Solution File, Format Version 12.00
# Visual Studio Version 16
VisualStudioVersion = 16.0.31515.178
MinimumVisualStudioVersion = 10.0.40219.1
Project("{FAE04EC0-301F-11D3-BF4B-00C04F79EFBC}") = "LocalizationPrism", "LocalizationPrism\LocalizationPrism\LocalizationPrism.csproj", "{6C5B3497-9843-46B3-AFFE-B38BECB7E74A}"
EndProject
Project("{FAE04EC0-301F-11D3-BF4B-00C04F79EFBC}") = "LocalizationPrism.Android", "LocalizationPrism\LocalizationPrism.Android\LocalizationPrism.Android.csproj", "{9C69D5E9-B494-4B44-A0E4-06D99B4B65F2}"
EndProject
Project("{FAE04EC0-301F-11D3-BF4B-00C04F79EFBC}") = "LocalizationPrism.iOS", "LocalizationPrism\LocalizationPrism.iOS\LocalizationPrism.iOS.csproj", "{2975A8B6-8ADD-448C-844B-15353D03DA30}"
EndProject
Global
	GlobalSection(SolutionConfigurationPlatforms) = preSolution
		Ad-Hoc|Any CPU = Ad-Hoc|Any CPU
		Ad-Hoc|iPhone = Ad-Hoc|iPhone
		Ad-Hoc|iPhoneSimulator = Ad-Hoc|iPhoneSimulator
		AppStore|Any CPU = AppStore|Any CPU
		AppStore|iPhone = AppStore|iPhone
		AppStore|iPhoneSimulator = AppStore|iPhoneSimulator
		Debug|Any CPU = Debug|Any CPU
		Debug|iPhone = Debug|iPhone
		Debug|iPhoneSimulator = Debug|iPhoneSimulator
		Release|Any CPU = Release|Any CPU
		Release|iPhone = Release|iPhone
		Release|iPhoneSimulator = Release|iPhoneSimulator
	EndGlobalSection
	GlobalSection(ProjectConfigurationPlatforms) = postSolution
		{6C5B3497-9843-46B3-AFFE-B38BECB7E74A}.Ad-Hoc|Any CPU.ActiveCfg = Debug|Any CPU
		{6C5B3497-9843-46B3-AFFE-B38BECB7E74A}.Ad-Hoc|Any CPU.Build.0 = Debug|Any CPU
		{6C5B3497-9843-46B3-AFFE-B38BECB7E74A}.Ad-Hoc|iPhone.ActiveCfg = Debug|Any CPU
		{6C5B3497-9843-46B3-AFFE-B38BECB7E74A}.Ad-Hoc|iPhone.Build.0 = Debug|Any CPU
		{6C5B3497-9843-46B3-AFFE-B38BECB7E74A}.Ad-Hoc|iPhoneSimulator.ActiveCfg = Debug|Any CPU
		{6C5B3497-9843-46B3-AFFE-B38BECB7E74A}.Ad-Hoc|iPhoneSimulator.Build.0 = Debug|Any CPU
		{6C5B3497-9843-46B3-AFFE-B38BECB7E74A}.AppStore|Any CPU.ActiveCfg = Debug|Any CPU
		{6C5B3497-9843-46B3-AFFE-B38BECB7E74A}.AppStore|Any CPU.Build.0 = Debug|Any CPU
		{6C5B3497-9843-46B3-AFFE-B38BECB7E74A}.AppStore|iPhone.ActiveCfg = Debug|Any CPU
		{6C5B3497-9843-46B3-AFFE-B38BECB7E74A}.AppStore|iPhone.Build.0 = Debug|Any CPU
		{6C5B3497-9843-46B3-AFFE-B38BECB7E74A}.AppStore|iPhoneSimulator.ActiveCfg = Debug|Any CPU
		{6C5B3497-9843-46B3-AFFE-B38BECB7E74A}.AppStore|iPhoneSimulator.Build.0 = Debug|Any CPU
		{6C5B3497-9843-46B3-AFFE-B38BECB7E74A}.Debug|Any CPU.ActiveCfg = Debug|Any CPU
		{6C5B3497-9843-46B3-AFFE-B38BECB7E74A}.Debug|Any CPU.Build.0 = Debug|Any CPU
		{6C5B3497-9843-46B3-AFFE-B38BECB7E74A}.Debug|iPhone.ActiveCfg = Debug|Any CPU
		{6C5B3497-9843-46B3-AFFE-B38BECB7E74A}.Debug|iPhone.Build.0 = Debug|Any CPU
		{6C5B3497-9843-46B3-AFFE-B38BECB7E74A}.Debug|iPhoneSimulator.ActiveCfg = Debug|Any CPU
		{6C5B3497-9843-46B3-AFFE-B38BECB7E74A}.Debug|iPhoneSimulator.Build.0 = Debug|Any CPU
		{6C5B3497-9843-46B3-AFFE-B38BECB7E74A}.Release|Any CPU.ActiveCfg = Release|Any CPU
		{6C5B3497-9843-46B3-AFFE-B38BECB7E74A}.Release|Any CPU.Build.0 = Release|Any CPU
		{6C5B3497-9843-46B3-AFFE-B38BECB7E74A}.Release|iPhone.ActiveCfg = Release|Any CPU
		{6C5B3497-9843-46B3-AFFE-B38BECB7E74A}.Release|iPhone.Build.0 = Release|Any CPU
		{6C5B3497-9843-46B3-AFFE-B38BECB7E74A}.Release|iPhoneSimulator.ActiveCfg = Release|Any CPU
		{6C5B3497-9843-46B3-AFFE-B38BECB7E74A}.Release|iPhoneSimulator.Build.0 = Release|Any CPU
		{9C69D5E9-B494-4B44-A0E4-06D99B4B65F2}.Ad-Hoc|Any CPU.ActiveCfg = Debug|Any CPU
		{9C69D5E9-B494-4B44-A0E4-06D99B4B65F2}.Ad-Hoc|Any CPU.Build.0 = Debug|Any CPU
		{9C69D5E9-B494-4B44-A0E4-06D99B4B65F2}.Ad-Hoc|Any CPU.Deploy.0 = Debug|Any CPU
		{9C69D5E9-B494-4B44-A0E4-06D99B4B65F2}.Ad-Hoc|iPhone.ActiveCfg = Debug|Any CPU
		{9C69D5E9-B494-4B44-A0E4-06D99B4B65F2}.Ad-Hoc|iPhone.Build.0 = Debug|Any CPU
		{9C69D5E9-B494-4B44-A0E4-06D99B4B65F2}.Ad-Hoc|iPhone.Deploy.0 = Debug|Any CPU
		{9C69D5E9-B494-4B44-A0E4-06D99B4B65F2}.Ad-Hoc|iPhoneSimulator.ActiveCfg = Debug|Any CPU
		{9C69D5E9-B494-4B44-A0E4-06D99B4B65F2}.Ad-Hoc|iPhoneSimulator.Build.0 = Debug|Any CPU
		{9C69D5E9-B494-4B44-A0E4-06D99B4B65F2}.Ad-Hoc|iPhoneSimulator.Deploy.0 = Debug|Any CPU
		{9C69D5E9-B494-4B44-A0E4-06D99B4B65F2}.AppStore|Any CPU.ActiveCfg = Debug|Any CPU
		{9C69D5E9-B494-4B44-A0E4-06D99B4B65F2}.AppStore|Any CPU.Build.0 = Debug|Any CPU
		{9C69D5E9-B494-4B44-A0E4-06D99B4B65F2}.AppStore|Any CPU.Deploy.0 = Debug|Any CPU
		{9C69D5E9-B494-4B44-A0E4-06D99B4B65F2}.AppStore|iPhone.ActiveCfg = Debug|Any CPU
		{9C69D5E9-B494-4B44-A0E4-06D99B4B65F2}.AppStore|iPhone.Build.0 = Debug|Any CPU
		{9C69D5E9-B494-4B44-A0E4-06D99B4B65F2}.AppStore|iPhone.Deploy.0 = Debug|Any CPU
		{9C69D5E9-B494-4B44-A0E4-06D99B4B65F2}.AppStore|iPhoneSimulator.ActiveCfg = Debug|Any CPU
		{9C69D5E9-B494-4B44-A0E4-06D99B4B65F2}.AppStore|iPhoneSimulator.Build.0 = Debug|Any CPU
		{9C69D5E9-B494-4B44-A0E4-06D99B4B65F2}.AppStore|iPhoneSimulator.Deploy.0 = Debug|Any CPU
		{9C69D5E9-B494-4B44-A0E4-06D99B4B65F2}.Debug|Any CPU.ActiveCfg = Debug|Any CPU
		{9C69D5E9-B494-4B44-A0E4-06D99B4B65F2}.Debug|Any CPU.Build.0 = Debug|Any CPU
		{9C69D5E9-B494-4B44-A0E4-06D99B4B65F2}.Debug|Any CPU.Deploy.0 = Debug|Any CPU
		{9C69D5E9-B494-4B44-A0E4-06D99B4B65F2}.Debug|iPhone.ActiveCfg = Debug|Any CPU
		{9C69D5E9-B494-4B44-A0E4-06D99B4B65F2}.Debug|iPhone.Build.0 = Debug|Any CPU
		{9C69D5E9-B494-4B44-A0E4-06D99B4B65F2}.Debug|iPhone.Deploy.0 = Debug|Any CPU
		{9C69D5E9-B494-4B44-A0E4-06D99B4B65F2}.Debug|iPhoneSimulator.ActiveCfg = Debug|Any CPU
		{9C69D5E9-B494-4B44-A0E4-06D99B4B65F2}.Debug|iPhoneSimulator.Build.0 = Debug|Any CPU
		{9C69D5E9-B494-4B44-A0E4-06D99B4B65F2}.Debug|iPhoneSimulator.Deploy.0 = Debug|Any CPU
		{9C69D5E9-B494-4B44-A0E4-06D99B4B65F2}.Release|Any CPU.ActiveCfg = Release|Any CPU
		{9C69D5E9-B494-4B44-A0E4-06D99B4B65F2}.Release|Any CPU.Build.0 = Release|Any CPU
		{9C69D5E9-B494-4B44-A0E4-06D99B4B65F2}.Release|Any CPU.Deploy.0 = Release|Any CPU
		{9C69D5E9-B494-4B44-A0E4-06D99B4B65F2}.Release|iPhone.ActiveCfg = Release|Any CPU
		{9C69D5E9-B494-4B44-A0E4-06D99B4B65F2}.Release|iPhone.Build.0 = Release|Any CPU
		{9C69D5E9-B494-4B44-A0E4-06D99B4B65F2}.Release|iPhone.Deploy.0 = Release|Any CPU
		{9C69D5E9-B494-4B44-A0E4-06D99B4B65F2}.Release|iPhoneSimulator.ActiveCfg = Release|Any CPU
		{9C69D5E9-B494-4B44-A0E4-06D99B4B65F2}.Release|iPhoneSimulator.Build.0 = Release|Any CPU
		{9C69D5E9-B494-4B44-A0E4-06D99B4B65F2}.Release|iPhoneSimulator.Deploy.0 = Release|Any CPU
		{2975A8B6-8ADD-448C-844B-15353D03DA30}.Ad-Hoc|Any CPU.ActiveCfg = Ad-Hoc|iPhoneSimulator
		{2975A8B6-8ADD-448C-844B-15353D03DA30}.Ad-Hoc|iPhone.ActiveCfg = Ad-Hoc|iPhone
		{2975A8B6-8ADD-448C-844B-15353D03DA30}.Ad-Hoc|iPhone.Build.0 = Ad-Hoc|iPhone
		{2975A8B6-8ADD-448C-844B-15353D03DA30}.Ad-Hoc|iPhoneSimulator.ActiveCfg = Ad-Hoc|iPhoneSimulator
		{2975A8B6-8ADD-448C-844B-15353D03DA30}.Ad-Hoc|iPhoneSimulator.Build.0 = Ad-Hoc|iPhoneSimulator
		{2975A8B6-8ADD-448C-844B-15353D03DA30}.AppStore|Any CPU.ActiveCfg = AppStore|iPhoneSimulator
		{2975A8B6-8ADD-448C-844B-15353D03DA30}.AppStore|iPhone.ActiveCfg = AppStore|iPhone
		{2975A8B6-8ADD-448C-844B-15353D03DA30}.AppStore|iPhone.Build.0 = AppStore|iPhone
		{2975A8B6-8ADD-448C-844B-15353D03DA30}.AppStore|iPhoneSimulator.ActiveCfg = AppStore|iPhoneSimulator
		{2975A8B6-8ADD-448C-844B-15353D03DA30}.AppStore|iPhoneSimulator.Build.0 = AppStore|iPhoneSimulator
		{2975A8B6-8ADD-448C-844B-15353D03DA30}.Debug|Any CPU.ActiveCfg = Debug|iPhoneSimulator
		{2975A8B6-8ADD-448C-844B-15353D03DA30}.Debug|iPhone.ActiveCfg = Debug|iPhone
		{2975A8B6-8ADD-448C-844B-15353D03DA30}.Debug|iPhone.Build.0 = Debug|iPhone
		{2975A8B6-8ADD-448C-844B-15353D03DA30}.Debug|iPhoneSimulator.ActiveCfg = Debug|iPhoneSimulator
		{2975A8B6-8ADD-448C-844B-15353D03DA30}.Debug|iPhoneSimulator.Build.0 = Debug|iPhoneSimulator
		{2975A8B6-8ADD-448C-844B-15353D03DA30}.Release|Any CPU.ActiveCfg = Release|iPhoneSimulator
		{2975A8B6-8ADD-448C-844B-15353D03DA30}.Release|iPhone.ActiveCfg = Release|iPhone
		{2975A8B6-8ADD-448C-844B-15353D03DA30}.Release|iPhone.Build.0 = Release|iPhone
		{2975A8B6-8ADD-448C-844B-15353D03DA30}.Release|iPhoneSimulator.ActiveCfg = Release|iPhoneSimulator
		{2975A8B6-8ADD-448C-844B-15353D03DA30}.Release|iPhoneSimulator.Build.0 = Release|iPhoneSimulator
	EndGlobalSection
	GlobalSection(SolutionProperties) = preSolution
		HideSolutionNode = FALSE
	EndGlobalSection
	GlobalSection(ExtensibilityGlobals) = postSolution
		SolutionGuid = {341EAEAD-EA7B-4599-B129-EF721A96B3F3}
	EndGlobalSection
EndGlobal
